
Microsoft Visual Studio Solution File, Format Version 12.00
# Visual Studio Version 16
VisualStudioVersion = 16.0.30011.22
MinimumVisualStudioVersion = 10.0.40219.1
Project("{FAE04EC0-301F-11D3-BF4B-00C04F79EFBC}") = "Task_1", "Tasks\Task_1.csproj", "{8E98A89F-685F-4366-916D-7A188CEBBCB5}"
EndProject
Project("{2150E333-8FDC-42A3-9474-1A3956D46DE8}") = "Task 1.1", "Task 1.1", "{28984181-ABA2-4280-8A33-CD043B66DE34}"
EndProject
Project("{FAE04EC0-301F-11D3-BF4B-00C04F79EFBC}") = "Task_2", "Task_2\Task_2.csproj", "{C42C1EBD-BE4A-42FE-97FC-ADF9F7E0DABF}"
EndProject
Project("{FAE04EC0-301F-11D3-BF4B-00C04F79EFBC}") = "Task_3", "Task_3\Task_3.csproj", "{2EA91172-3BCE-4340-B54F-40641347A7BE}"
EndProject
Project("{FAE04EC0-301F-11D3-BF4B-00C04F79EFBC}") = "Task_4", "Task_4\Task_4.csproj", "{F633F20A-62BE-4D9C-B7CA-177CDA8F7671}"
EndProject
Project("{FAE04EC0-301F-11D3-BF4B-00C04F79EFBC}") = "Task_5", "Task_5\Task_5.csproj", "{383F3B78-B97B-4AE4-83ED-CA08AD3EAFD2}"
EndProject
Project("{FAE04EC0-301F-11D3-BF4B-00C04F79EFBC}") = "Task_6", "Task_6\Task_6.csproj", "{7AEE9539-FA72-4897-AE10-DCFD5BD81598}"
EndProject
Project("{FAE04EC0-301F-11D3-BF4B-00C04F79EFBC}") = "Task_7", "Task_7\Task_7.csproj", "{584F09DD-E184-4BCF-8901-CDE5E1E5848B}"
EndProject
Project("{FAE04EC0-301F-11D3-BF4B-00C04F79EFBC}") = "Task_8", "Task_8\Task_8.csproj", "{D511CE0A-E7C4-436E-A68B-C3187E1BE120}"
EndProject
Project("{FAE04EC0-301F-11D3-BF4B-00C04F79EFBC}") = "Task_9", "Task_9\Task_9.csproj", "{B29019C0-914F-4264-AD99-C0DD03FA133A}"
EndProject
Project("{FAE04EC0-301F-11D3-BF4B-00C04F79EFBC}") = "Task_10", "Task_10\Task_10.csproj", "{8DFB7D30-0411-4E69-B163-85872F98580F}"
EndProject
Global
	GlobalSection(SolutionConfigurationPlatforms) = preSolution
		Debug|Any CPU = Debug|Any CPU
		Release|Any CPU = Release|Any CPU
	EndGlobalSection
	GlobalSection(ProjectConfigurationPlatforms) = postSolution
		{8E98A89F-685F-4366-916D-7A188CEBBCB5}.Debug|Any CPU.ActiveCfg = Debug|Any CPU
		{8E98A89F-685F-4366-916D-7A188CEBBCB5}.Debug|Any CPU.Build.0 = Debug|Any CPU
		{8E98A89F-685F-4366-916D-7A188CEBBCB5}.Release|Any CPU.ActiveCfg = Release|Any CPU
		{8E98A89F-685F-4366-916D-7A188CEBBCB5}.Release|Any CPU.Build.0 = Release|Any CPU
		{C42C1EBD-BE4A-42FE-97FC-ADF9F7E0DABF}.Debug|Any CPU.ActiveCfg = Debug|Any CPU
		{C42C1EBD-BE4A-42FE-97FC-ADF9F7E0DABF}.Debug|Any CPU.Build.0 = Debug|Any CPU
		{C42C1EBD-BE4A-42FE-97FC-ADF9F7E0DABF}.Release|Any CPU.ActiveCfg = Release|Any CPU
		{C42C1EBD-BE4A-42FE-97FC-ADF9F7E0DABF}.Release|Any CPU.Build.0 = Release|Any CPU
		{2EA91172-3BCE-4340-B54F-40641347A7BE}.Debug|Any CPU.ActiveCfg = Debug|Any CPU
		{2EA91172-3BCE-4340-B54F-40641347A7BE}.Debug|Any CPU.Build.0 = Debug|Any CPU
		{2EA91172-3BCE-4340-B54F-40641347A7BE}.Release|Any CPU.ActiveCfg = Release|Any CPU
		{2EA91172-3BCE-4340-B54F-40641347A7BE}.Release|Any CPU.Build.0 = Release|Any CPU
		{F633F20A-62BE-4D9C-B7CA-177CDA8F7671}.Debug|Any CPU.ActiveCfg = Debug|Any CPU
		{F633F20A-62BE-4D9C-B7CA-177CDA8F7671}.Debug|Any CPU.Build.0 = Debug|Any CPU
		{F633F20A-62BE-4D9C-B7CA-177CDA8F7671}.Release|Any CPU.ActiveCfg = Release|Any CPU
		{F633F20A-62BE-4D9C-B7CA-177CDA8F7671}.Release|Any CPU.Build.0 = Release|Any CPU
		{383F3B78-B97B-4AE4-83ED-CA08AD3EAFD2}.Debug|Any CPU.ActiveCfg = Debug|Any CPU
		{383F3B78-B97B-4AE4-83ED-CA08AD3EAFD2}.Debug|Any CPU.Build.0 = Debug|Any CPU
		{383F3B78-B97B-4AE4-83ED-CA08AD3EAFD2}.Release|Any CPU.ActiveCfg = Release|Any CPU
		{383F3B78-B97B-4AE4-83ED-CA08AD3EAFD2}.Release|Any CPU.Build.0 = Release|Any CPU
		{7AEE9539-FA72-4897-AE10-DCFD5BD81598}.Debug|Any CPU.ActiveCfg = Debug|Any CPU
		{7AEE9539-FA72-4897-AE10-DCFD5BD81598}.Debug|Any CPU.Build.0 = Debug|Any CPU
		{7AEE9539-FA72-4897-AE10-DCFD5BD81598}.Release|Any CPU.ActiveCfg = Release|Any CPU
		{7AEE9539-FA72-4897-AE10-DCFD5BD81598}.Release|Any CPU.Build.0 = Release|Any CPU
		{584F09DD-E184-4BCF-8901-CDE5E1E5848B}.Debug|Any CPU.ActiveCfg = Debug|Any CPU
		{584F09DD-E184-4BCF-8901-CDE5E1E5848B}.Debug|Any CPU.Build.0 = Debug|Any CPU
		{584F09DD-E184-4BCF-8901-CDE5E1E5848B}.Release|Any CPU.ActiveCfg = Release|Any CPU
		{584F09DD-E184-4BCF-8901-CDE5E1E5848B}.Release|Any CPU.Build.0 = Release|Any CPU
		{D511CE0A-E7C4-436E-A68B-C3187E1BE120}.Debug|Any CPU.ActiveCfg = Debug|Any CPU
		{D511CE0A-E7C4-436E-A68B-C3187E1BE120}.Debug|Any CPU.Build.0 = Debug|Any CPU
		{D511CE0A-E7C4-436E-A68B-C3187E1BE120}.Release|Any CPU.ActiveCfg = Release|Any CPU
		{D511CE0A-E7C4-436E-A68B-C3187E1BE120}.Release|Any CPU.Build.0 = Release|Any CPU
		{B29019C0-914F-4264-AD99-C0DD03FA133A}.Debug|Any CPU.ActiveCfg = Debug|Any CPU
		{B29019C0-914F-4264-AD99-C0DD03FA133A}.Debug|Any CPU.Build.0 = Debug|Any CPU
		{B29019C0-914F-4264-AD99-C0DD03FA133A}.Release|Any CPU.ActiveCfg = Release|Any CPU
		{B29019C0-914F-4264-AD99-C0DD03FA133A}.Release|Any CPU.Build.0 = Release|Any CPU
		{8DFB7D30-0411-4E69-B163-85872F98580F}.Debug|Any CPU.ActiveCfg = Debug|Any CPU
		{8DFB7D30-0411-4E69-B163-85872F98580F}.Debug|Any CPU.Build.0 = Debug|Any CPU
		{8DFB7D30-0411-4E69-B163-85872F98580F}.Release|Any CPU.ActiveCfg = Release|Any CPU
		{8DFB7D30-0411-4E69-B163-85872F98580F}.Release|Any CPU.Build.0 = Release|Any CPU
	EndGlobalSection
	GlobalSection(SolutionProperties) = preSolution
		HideSolutionNode = FALSE
	EndGlobalSection
	GlobalSection(NestedProjects) = preSolution
		{8E98A89F-685F-4366-916D-7A188CEBBCB5} = {28984181-ABA2-4280-8A33-CD043B66DE34}
		{C42C1EBD-BE4A-42FE-97FC-ADF9F7E0DABF} = {28984181-ABA2-4280-8A33-CD043B66DE34}
		{2EA91172-3BCE-4340-B54F-40641347A7BE} = {28984181-ABA2-4280-8A33-CD043B66DE34}
		{F633F20A-62BE-4D9C-B7CA-177CDA8F7671} = {28984181-ABA2-4280-8A33-CD043B66DE34}
		{383F3B78-B97B-4AE4-83ED-CA08AD3EAFD2} = {28984181-ABA2-4280-8A33-CD043B66DE34}
		{7AEE9539-FA72-4897-AE10-DCFD5BD81598} = {28984181-ABA2-4280-8A33-CD043B66DE34}
		{584F09DD-E184-4BCF-8901-CDE5E1E5848B} = {28984181-ABA2-4280-8A33-CD043B66DE34}
		{D511CE0A-E7C4-436E-A68B-C3187E1BE120} = {28984181-ABA2-4280-8A33-CD043B66DE34}
		{B29019C0-914F-4264-AD99-C0DD03FA133A} = {28984181-ABA2-4280-8A33-CD043B66DE34}
		{8DFB7D30-0411-4E69-B163-85872F98580F} = {28984181-ABA2-4280-8A33-CD043B66DE34}
	EndGlobalSection
	GlobalSection(ExtensibilityGlobals) = postSolution
		SolutionGuid = {565A8BA8-C92F-4A5D-8C2A-381018F0471D}
	EndGlobalSection
EndGlobal
