
Microsoft Visual Studio Solution File, Format Version 12.00
# Visual Studio Version 16
VisualStudioVersion = 16.0.30320.27
MinimumVisualStudioVersion = 10.0.40219.1
Project("{2150E333-8FDC-42A3-9474-1A3956D46DE8}") = "PL", "PL", "{964648BC-26B7-4147-8EC7-B1AC5BB5C2D0}"
EndProject
Project("{FAE04EC0-301F-11D3-BF4B-00C04F79EFBC}") = "PL.Dependencies", "PL.Dependencies\PL.Dependencies.csproj", "{D18C71E7-6100-4A1B-A7E1-814648A04C94}"
EndProject
Project("{FAE04EC0-301F-11D3-BF4B-00C04F79EFBC}") = "PL.Common", "PL.Common\PL.Common.csproj", "{066C46AD-5C17-4A12-BF55-BE5D027D0443}"
EndProject
Project("{2150E333-8FDC-42A3-9474-1A3956D46DE8}") = "BLL", "BLL", "{947ECEA3-A601-4EAA-95DE-B51EFF74D1EA}"
EndProject
Project("{FAE04EC0-301F-11D3-BF4B-00C04F79EFBC}") = "BLL", "BLL\BLL.csproj", "{2B4BAA26-19DD-49C1-ACF4-27216957AD8E}"
EndProject
Project("{FAE04EC0-301F-11D3-BF4B-00C04F79EFBC}") = "BLL.Dependencies", "BLL.Dependencies\BLL.Dependencies.csproj", "{02613D6C-665A-44C5-9F84-448588A5E318}"
EndProject
Project("{FAE04EC0-301F-11D3-BF4B-00C04F79EFBC}") = "BLL.Common", "BLL.Common\BLL.Common.csproj", "{E8CAA509-F1E4-4325-8448-E96C7590C886}"
EndProject
Project("{2150E333-8FDC-42A3-9474-1A3956D46DE8}") = "DAL", "DAL", "{018F1A14-250F-4E86-8A6D-849B937B41E5}"
EndProject
Project("{FAE04EC0-301F-11D3-BF4B-00C04F79EFBC}") = "DAL.Common", "DAL.Common\DAL.Common.csproj", "{3B2C56C8-77A7-456B-844F-A0E96FF1B0AC}"
EndProject
Project("{FAE04EC0-301F-11D3-BF4B-00C04F79EFBC}") = "DAL.Dependencies", "DAL.Dependencies\DAL.Dependencies.csproj", "{E0203013-FADD-4EA8-8527-F58646A67581}"
EndProject
Project("{FAE04EC0-301F-11D3-BF4B-00C04F79EFBC}") = "DAL.Json", "DAL.Json\DAL.Json.csproj", "{018FD091-527B-4C25-A58C-CFA7830F41AB}"
EndProject
Project("{2150E333-8FDC-42A3-9474-1A3956D46DE8}") = "Common", "Common", "{28141C60-9934-4B1B-9C8C-F08DA47D7657}"
EndProject
Project("{FAE04EC0-301F-11D3-BF4B-00C04F79EFBC}") = "Entitiens", "Entitiens\Entitiens.csproj", "{402D3CBC-7C7A-4565-837F-4DBC861D322D}"
EndProject
Project("{FAE04EC0-301F-11D3-BF4B-00C04F79EFBC}") = "PL.Console", "PL.Console\PL.Console.csproj", "{C4293159-E19E-41CC-AC3D-85E941DA71A0}"
EndProject
Global
	GlobalSection(SolutionConfigurationPlatforms) = preSolution
		Debug|Any CPU = Debug|Any CPU
		Release|Any CPU = Release|Any CPU
	EndGlobalSection
	GlobalSection(ProjectConfigurationPlatforms) = postSolution
		{D18C71E7-6100-4A1B-A7E1-814648A04C94}.Debug|Any CPU.ActiveCfg = Debug|Any CPU
		{D18C71E7-6100-4A1B-A7E1-814648A04C94}.Debug|Any CPU.Build.0 = Debug|Any CPU
		{D18C71E7-6100-4A1B-A7E1-814648A04C94}.Release|Any CPU.ActiveCfg = Release|Any CPU
		{D18C71E7-6100-4A1B-A7E1-814648A04C94}.Release|Any CPU.Build.0 = Release|Any CPU
		{066C46AD-5C17-4A12-BF55-BE5D027D0443}.Debug|Any CPU.ActiveCfg = Debug|Any CPU
		{066C46AD-5C17-4A12-BF55-BE5D027D0443}.Debug|Any CPU.Build.0 = Debug|Any CPU
		{066C46AD-5C17-4A12-BF55-BE5D027D0443}.Release|Any CPU.ActiveCfg = Release|Any CPU
		{066C46AD-5C17-4A12-BF55-BE5D027D0443}.Release|Any CPU.Build.0 = Release|Any CPU
		{2B4BAA26-19DD-49C1-ACF4-27216957AD8E}.Debug|Any CPU.ActiveCfg = Debug|Any CPU
		{2B4BAA26-19DD-49C1-ACF4-27216957AD8E}.Debug|Any CPU.Build.0 = Debug|Any CPU
		{2B4BAA26-19DD-49C1-ACF4-27216957AD8E}.Release|Any CPU.ActiveCfg = Release|Any CPU
		{2B4BAA26-19DD-49C1-ACF4-27216957AD8E}.Release|Any CPU.Build.0 = Release|Any CPU
		{02613D6C-665A-44C5-9F84-448588A5E318}.Debug|Any CPU.ActiveCfg = Debug|Any CPU
		{02613D6C-665A-44C5-9F84-448588A5E318}.Debug|Any CPU.Build.0 = Debug|Any CPU
		{02613D6C-665A-44C5-9F84-448588A5E318}.Release|Any CPU.ActiveCfg = Release|Any CPU
		{02613D6C-665A-44C5-9F84-448588A5E318}.Release|Any CPU.Build.0 = Release|Any CPU
		{E8CAA509-F1E4-4325-8448-E96C7590C886}.Debug|Any CPU.ActiveCfg = Debug|Any CPU
		{E8CAA509-F1E4-4325-8448-E96C7590C886}.Debug|Any CPU.Build.0 = Debug|Any CPU
		{E8CAA509-F1E4-4325-8448-E96C7590C886}.Release|Any CPU.ActiveCfg = Release|Any CPU
		{E8CAA509-F1E4-4325-8448-E96C7590C886}.Release|Any CPU.Build.0 = Release|Any CPU
		{3B2C56C8-77A7-456B-844F-A0E96FF1B0AC}.Debug|Any CPU.ActiveCfg = Debug|Any CPU
		{3B2C56C8-77A7-456B-844F-A0E96FF1B0AC}.Debug|Any CPU.Build.0 = Debug|Any CPU
		{3B2C56C8-77A7-456B-844F-A0E96FF1B0AC}.Release|Any CPU.ActiveCfg = Release|Any CPU
		{3B2C56C8-77A7-456B-844F-A0E96FF1B0AC}.Release|Any CPU.Build.0 = Release|Any CPU
		{E0203013-FADD-4EA8-8527-F58646A67581}.Debug|Any CPU.ActiveCfg = Debug|Any CPU
		{E0203013-FADD-4EA8-8527-F58646A67581}.Debug|Any CPU.Build.0 = Debug|Any CPU
		{E0203013-FADD-4EA8-8527-F58646A67581}.Release|Any CPU.ActiveCfg = Release|Any CPU
		{E0203013-FADD-4EA8-8527-F58646A67581}.Release|Any CPU.Build.0 = Release|Any CPU
		{018FD091-527B-4C25-A58C-CFA7830F41AB}.Debug|Any CPU.ActiveCfg = Debug|Any CPU
		{018FD091-527B-4C25-A58C-CFA7830F41AB}.Debug|Any CPU.Build.0 = Debug|Any CPU
		{018FD091-527B-4C25-A58C-CFA7830F41AB}.Release|Any CPU.ActiveCfg = Release|Any CPU
		{018FD091-527B-4C25-A58C-CFA7830F41AB}.Release|Any CPU.Build.0 = Release|Any CPU
		{402D3CBC-7C7A-4565-837F-4DBC861D322D}.Debug|Any CPU.ActiveCfg = Debug|Any CPU
		{402D3CBC-7C7A-4565-837F-4DBC861D322D}.Debug|Any CPU.Build.0 = Debug|Any CPU
		{402D3CBC-7C7A-4565-837F-4DBC861D322D}.Release|Any CPU.ActiveCfg = Release|Any CPU
		{402D3CBC-7C7A-4565-837F-4DBC861D322D}.Release|Any CPU.Build.0 = Release|Any CPU
		{C4293159-E19E-41CC-AC3D-85E941DA71A0}.Debug|Any CPU.ActiveCfg = Debug|Any CPU
		{C4293159-E19E-41CC-AC3D-85E941DA71A0}.Debug|Any CPU.Build.0 = Debug|Any CPU
		{C4293159-E19E-41CC-AC3D-85E941DA71A0}.Release|Any CPU.ActiveCfg = Release|Any CPU
		{C4293159-E19E-41CC-AC3D-85E941DA71A0}.Release|Any CPU.Build.0 = Release|Any CPU
	EndGlobalSection
	GlobalSection(SolutionProperties) = preSolution
		HideSolutionNode = FALSE
	EndGlobalSection
	GlobalSection(NestedProjects) = preSolution
		{D18C71E7-6100-4A1B-A7E1-814648A04C94} = {964648BC-26B7-4147-8EC7-B1AC5BB5C2D0}
		{066C46AD-5C17-4A12-BF55-BE5D027D0443} = {964648BC-26B7-4147-8EC7-B1AC5BB5C2D0}
		{2B4BAA26-19DD-49C1-ACF4-27216957AD8E} = {947ECEA3-A601-4EAA-95DE-B51EFF74D1EA}
		{02613D6C-665A-44C5-9F84-448588A5E318} = {947ECEA3-A601-4EAA-95DE-B51EFF74D1EA}
		{E8CAA509-F1E4-4325-8448-E96C7590C886} = {947ECEA3-A601-4EAA-95DE-B51EFF74D1EA}
		{3B2C56C8-77A7-456B-844F-A0E96FF1B0AC} = {018F1A14-250F-4E86-8A6D-849B937B41E5}
		{E0203013-FADD-4EA8-8527-F58646A67581} = {018F1A14-250F-4E86-8A6D-849B937B41E5}
		{018FD091-527B-4C25-A58C-CFA7830F41AB} = {018F1A14-250F-4E86-8A6D-849B937B41E5}
		{402D3CBC-7C7A-4565-837F-4DBC861D322D} = {28141C60-9934-4B1B-9C8C-F08DA47D7657}
		{C4293159-E19E-41CC-AC3D-85E941DA71A0} = {964648BC-26B7-4147-8EC7-B1AC5BB5C2D0}
	EndGlobalSection
	GlobalSection(ExtensibilityGlobals) = postSolution
		SolutionGuid = {EB0A5D56-9FCB-44E1-97AD-93D1B7D2FA72}
	EndGlobalSection
EndGlobal
