
Microsoft Visual Studio Solution File, Format Version 12.00
# Visual Studio Version 16
VisualStudioVersion = 16.0.30320.27
MinimumVisualStudioVersion = 10.0.40219.1
Project("{FAE04EC0-301F-11D3-BF4B-00C04F79EFBC}") = "PL.Web", "PL.Web\PL.Web.csproj", "{9A848C28-50E9-4195-957D-46EB337B28DE}"
EndProject
Project("{2150E333-8FDC-42A3-9474-1A3956D46DE8}") = "PL", "PL", "{2524AA70-7C1E-4DC3-A751-598552D90645}"
EndProject
Project("{FAE04EC0-301F-11D3-BF4B-00C04F79EFBC}") = "PL.Common", "PL.Common\PL.Common.csproj", "{7A618D59-0897-4CBD-BC2B-20F119C4EB8C}"
EndProject
Project("{2150E333-8FDC-42A3-9474-1A3956D46DE8}") = "Common", "Common", "{B741A8C4-5E24-463A-ACD8-9371720554BE}"
EndProject
Project("{FAE04EC0-301F-11D3-BF4B-00C04F79EFBC}") = "Entitiens", "Entitiens\Entitiens.csproj", "{719D9A0D-28D1-4EEB-8771-F587ADF8A9D0}"
EndProject
Project("{2150E333-8FDC-42A3-9474-1A3956D46DE8}") = "BLL", "BLL", "{F9FB6435-9DE6-4B88-B91D-6FC62FC2F2F7}"
EndProject
Project("{FAE04EC0-301F-11D3-BF4B-00C04F79EFBC}") = "BLL.Common", "BLL.Common\BLL.Common.csproj", "{EB5E72C8-AE2C-4DE7-AE72-FE8848270944}"
EndProject
Project("{FAE04EC0-301F-11D3-BF4B-00C04F79EFBC}") = "BLL.Dependencies", "BLL.Dependencies\BLL.Dependencies.csproj", "{8947AED8-89F3-4190-95FF-670B0B3E9287}"
EndProject
Project("{FAE04EC0-301F-11D3-BF4B-00C04F79EFBC}") = "BLL.Logic", "BLL.Logic\BLL.Logic.csproj", "{1E27EE75-3C80-42D1-A683-85F53D151ABC}"
EndProject
Project("{2150E333-8FDC-42A3-9474-1A3956D46DE8}") = "DAL", "DAL", "{C4916BF1-3819-4195-B93C-BDDB60D7B770}"
EndProject
Project("{FAE04EC0-301F-11D3-BF4B-00C04F79EFBC}") = "DAL.Common", "DAL.Common\DAL.Common.csproj", "{7E5C8F11-E060-4561-A3EE-E003B1369F5B}"
EndProject
Project("{FAE04EC0-301F-11D3-BF4B-00C04F79EFBC}") = "DAL.Dependencies", "DAL.Dependencies\DAL.Dependencies.csproj", "{69D3DE02-8F7F-4D65-823D-EF246AE6C3A8}"
EndProject
Project("{FAE04EC0-301F-11D3-BF4B-00C04F79EFBC}") = "DAL.SQL", "DAL.SQL\DAL.SQL.csproj", "{E7E4C847-7BBB-4B2C-99D6-1D611AFE6A3D}"
EndProject
Global
	GlobalSection(SolutionConfigurationPlatforms) = preSolution
		Debug|Any CPU = Debug|Any CPU
		Release|Any CPU = Release|Any CPU
	EndGlobalSection
	GlobalSection(ProjectConfigurationPlatforms) = postSolution
		{9A848C28-50E9-4195-957D-46EB337B28DE}.Debug|Any CPU.ActiveCfg = Debug|Any CPU
		{9A848C28-50E9-4195-957D-46EB337B28DE}.Debug|Any CPU.Build.0 = Debug|Any CPU
		{9A848C28-50E9-4195-957D-46EB337B28DE}.Release|Any CPU.ActiveCfg = Release|Any CPU
		{9A848C28-50E9-4195-957D-46EB337B28DE}.Release|Any CPU.Build.0 = Release|Any CPU
		{7A618D59-0897-4CBD-BC2B-20F119C4EB8C}.Debug|Any CPU.ActiveCfg = Debug|Any CPU
		{7A618D59-0897-4CBD-BC2B-20F119C4EB8C}.Debug|Any CPU.Build.0 = Debug|Any CPU
		{7A618D59-0897-4CBD-BC2B-20F119C4EB8C}.Release|Any CPU.ActiveCfg = Release|Any CPU
		{7A618D59-0897-4CBD-BC2B-20F119C4EB8C}.Release|Any CPU.Build.0 = Release|Any CPU
		{719D9A0D-28D1-4EEB-8771-F587ADF8A9D0}.Debug|Any CPU.ActiveCfg = Debug|Any CPU
		{719D9A0D-28D1-4EEB-8771-F587ADF8A9D0}.Debug|Any CPU.Build.0 = Debug|Any CPU
		{719D9A0D-28D1-4EEB-8771-F587ADF8A9D0}.Release|Any CPU.ActiveCfg = Release|Any CPU
		{719D9A0D-28D1-4EEB-8771-F587ADF8A9D0}.Release|Any CPU.Build.0 = Release|Any CPU
		{EB5E72C8-AE2C-4DE7-AE72-FE8848270944}.Debug|Any CPU.ActiveCfg = Debug|Any CPU
		{EB5E72C8-AE2C-4DE7-AE72-FE8848270944}.Debug|Any CPU.Build.0 = Debug|Any CPU
		{EB5E72C8-AE2C-4DE7-AE72-FE8848270944}.Release|Any CPU.ActiveCfg = Release|Any CPU
		{EB5E72C8-AE2C-4DE7-AE72-FE8848270944}.Release|Any CPU.Build.0 = Release|Any CPU
		{8947AED8-89F3-4190-95FF-670B0B3E9287}.Debug|Any CPU.ActiveCfg = Debug|Any CPU
		{8947AED8-89F3-4190-95FF-670B0B3E9287}.Debug|Any CPU.Build.0 = Debug|Any CPU
		{8947AED8-89F3-4190-95FF-670B0B3E9287}.Release|Any CPU.ActiveCfg = Release|Any CPU
		{8947AED8-89F3-4190-95FF-670B0B3E9287}.Release|Any CPU.Build.0 = Release|Any CPU
		{1E27EE75-3C80-42D1-A683-85F53D151ABC}.Debug|Any CPU.ActiveCfg = Debug|Any CPU
		{1E27EE75-3C80-42D1-A683-85F53D151ABC}.Debug|Any CPU.Build.0 = Debug|Any CPU
		{1E27EE75-3C80-42D1-A683-85F53D151ABC}.Release|Any CPU.ActiveCfg = Release|Any CPU
		{1E27EE75-3C80-42D1-A683-85F53D151ABC}.Release|Any CPU.Build.0 = Release|Any CPU
		{7E5C8F11-E060-4561-A3EE-E003B1369F5B}.Debug|Any CPU.ActiveCfg = Debug|Any CPU
		{7E5C8F11-E060-4561-A3EE-E003B1369F5B}.Debug|Any CPU.Build.0 = Debug|Any CPU
		{7E5C8F11-E060-4561-A3EE-E003B1369F5B}.Release|Any CPU.ActiveCfg = Release|Any CPU
		{7E5C8F11-E060-4561-A3EE-E003B1369F5B}.Release|Any CPU.Build.0 = Release|Any CPU
		{69D3DE02-8F7F-4D65-823D-EF246AE6C3A8}.Debug|Any CPU.ActiveCfg = Debug|Any CPU
		{69D3DE02-8F7F-4D65-823D-EF246AE6C3A8}.Debug|Any CPU.Build.0 = Debug|Any CPU
		{69D3DE02-8F7F-4D65-823D-EF246AE6C3A8}.Release|Any CPU.ActiveCfg = Release|Any CPU
		{69D3DE02-8F7F-4D65-823D-EF246AE6C3A8}.Release|Any CPU.Build.0 = Release|Any CPU
		{E7E4C847-7BBB-4B2C-99D6-1D611AFE6A3D}.Debug|Any CPU.ActiveCfg = Debug|Any CPU
		{E7E4C847-7BBB-4B2C-99D6-1D611AFE6A3D}.Debug|Any CPU.Build.0 = Debug|Any CPU
		{E7E4C847-7BBB-4B2C-99D6-1D611AFE6A3D}.Release|Any CPU.ActiveCfg = Release|Any CPU
		{E7E4C847-7BBB-4B2C-99D6-1D611AFE6A3D}.Release|Any CPU.Build.0 = Release|Any CPU
	EndGlobalSection
	GlobalSection(SolutionProperties) = preSolution
		HideSolutionNode = FALSE
	EndGlobalSection
	GlobalSection(NestedProjects) = preSolution
		{9A848C28-50E9-4195-957D-46EB337B28DE} = {2524AA70-7C1E-4DC3-A751-598552D90645}
		{7A618D59-0897-4CBD-BC2B-20F119C4EB8C} = {2524AA70-7C1E-4DC3-A751-598552D90645}
		{719D9A0D-28D1-4EEB-8771-F587ADF8A9D0} = {B741A8C4-5E24-463A-ACD8-9371720554BE}
		{EB5E72C8-AE2C-4DE7-AE72-FE8848270944} = {F9FB6435-9DE6-4B88-B91D-6FC62FC2F2F7}
		{8947AED8-89F3-4190-95FF-670B0B3E9287} = {F9FB6435-9DE6-4B88-B91D-6FC62FC2F2F7}
		{1E27EE75-3C80-42D1-A683-85F53D151ABC} = {F9FB6435-9DE6-4B88-B91D-6FC62FC2F2F7}
		{7E5C8F11-E060-4561-A3EE-E003B1369F5B} = {C4916BF1-3819-4195-B93C-BDDB60D7B770}
		{69D3DE02-8F7F-4D65-823D-EF246AE6C3A8} = {C4916BF1-3819-4195-B93C-BDDB60D7B770}
		{E7E4C847-7BBB-4B2C-99D6-1D611AFE6A3D} = {C4916BF1-3819-4195-B93C-BDDB60D7B770}
	EndGlobalSection
	GlobalSection(ExtensibilityGlobals) = postSolution
		SolutionGuid = {021E5933-B287-4FC8-871F-280EA6ABF655}
	EndGlobalSection
EndGlobal
