
Microsoft Visual Studio Solution File, Format Version 12.00
# Visual Studio Version 16
VisualStudioVersion = 16.0.30011.22
MinimumVisualStudioVersion = 10.0.40219.1
Project("{FAE04EC0-301F-11D3-BF4B-00C04F79EFBC}") = "ChangedString", "ChangedString\ChangedString.csproj", "{A34A9AA7-210D-40DB-B08E-245829EEA941}"
EndProject
Global
	GlobalSection(SolutionConfigurationPlatforms) = preSolution
		Debug|Any CPU = Debug|Any CPU
		Release|Any CPU = Release|Any CPU
	EndGlobalSection
	GlobalSection(ProjectConfigurationPlatforms) = postSolution
		{A34A9AA7-210D-40DB-B08E-245829EEA941}.Debug|Any CPU.ActiveCfg = Debug|Any CPU
		{A34A9AA7-210D-40DB-B08E-245829EEA941}.Debug|Any CPU.Build.0 = Debug|Any CPU
		{A34A9AA7-210D-40DB-B08E-245829EEA941}.Release|Any CPU.ActiveCfg = Release|Any CPU
		{A34A9AA7-210D-40DB-B08E-245829EEA941}.Release|Any CPU.Build.0 = Release|Any CPU
	EndGlobalSection
	GlobalSection(SolutionProperties) = preSolution
		HideSolutionNode = FALSE
	EndGlobalSection
	GlobalSection(ExtensibilityGlobals) = postSolution
		SolutionGuid = {D047EEA9-392C-416A-8286-699719975A52}
	EndGlobalSection
EndGlobal
