
Microsoft Visual Studio Solution File, Format Version 12.00
# Visual Studio Version 16
VisualStudioVersion = 16.0.30204.135
MinimumVisualStudioVersion = 10.0.40219.1
Project("{FAE04EC0-301F-11D3-BF4B-00C04F79EFBC}") = "3.1.1. WEAKEST LINK", "3.1.1. WEAKEST LINK\3.1.1. WEAKEST LINK.csproj", "{282C07F2-55EF-4718-A60F-B619F206C8AA}"
EndProject
Project("{FAE04EC0-301F-11D3-BF4B-00C04F79EFBC}") = "3.1.2. TEXT ANALYSIS", "3.1.2. TEXT ANALYSIS\3.1.2. TEXT ANALYSIS.csproj", "{8597A033-05D3-4312-BB57-1B66FD40B4AF}"
EndProject
Project("{2150E333-8FDC-42A3-9474-1A3956D46DE8}") = "Task 3.1", "Task 3.1", "{6C21BD09-2A1B-4BEE-A3C0-7FD33C516B48}"
EndProject
Project("{2150E333-8FDC-42A3-9474-1A3956D46DE8}") = "Task 3.2", "Task 3.2", "{DA77C5E1-941F-4BE3-A412-569DC47381F2}"
EndProject
Project("{2150E333-8FDC-42A3-9474-1A3956D46DE8}") = "Task 3.3", "Task 3.3", "{228FAABC-06A1-4AE3-85DD-E8CCFF201F78}"
EndProject
Project("{FAE04EC0-301F-11D3-BF4B-00C04F79EFBC}") = "3.2.1. DYNAMIC ARRAY", "3.2.1. DYNAMIC ARRAY\3.2.1. DYNAMIC ARRAY.csproj", "{E409D7E4-FB8D-4B86-A246-C59D5285300F}"
EndProject
Project("{FAE04EC0-301F-11D3-BF4B-00C04F79EFBC}") = "3.3.1. SUPER ARRAY", "3.3.1. SUPER ARRAY\3.3.1. SUPER ARRAY.csproj", "{10836FB9-A56E-4949-844D-27F3A5B8C662}"
EndProject
Project("{FAE04EC0-301F-11D3-BF4B-00C04F79EFBC}") = "3.3.2. SUPER STRING", "3.3.2. SUPER STRING\3.3.2. SUPER STRING.csproj", "{F5CF7065-B848-4287-9A30-3F3BB63DDD72}"
EndProject
Project("{FAE04EC0-301F-11D3-BF4B-00C04F79EFBC}") = "3.3.3. PIZZA TIME", "3.3.3. PIZZA TIME\3.3.3. PIZZA TIME.csproj", "{BFC5B05E-7715-43C5-8CE4-1387AD665EB7}"
EndProject
Global
	GlobalSection(SolutionConfigurationPlatforms) = preSolution
		Debug|Any CPU = Debug|Any CPU
		Release|Any CPU = Release|Any CPU
	EndGlobalSection
	GlobalSection(ProjectConfigurationPlatforms) = postSolution
		{282C07F2-55EF-4718-A60F-B619F206C8AA}.Debug|Any CPU.ActiveCfg = Debug|Any CPU
		{282C07F2-55EF-4718-A60F-B619F206C8AA}.Debug|Any CPU.Build.0 = Debug|Any CPU
		{282C07F2-55EF-4718-A60F-B619F206C8AA}.Release|Any CPU.ActiveCfg = Release|Any CPU
		{282C07F2-55EF-4718-A60F-B619F206C8AA}.Release|Any CPU.Build.0 = Release|Any CPU
		{8597A033-05D3-4312-BB57-1B66FD40B4AF}.Debug|Any CPU.ActiveCfg = Debug|Any CPU
		{8597A033-05D3-4312-BB57-1B66FD40B4AF}.Debug|Any CPU.Build.0 = Debug|Any CPU
		{8597A033-05D3-4312-BB57-1B66FD40B4AF}.Release|Any CPU.ActiveCfg = Release|Any CPU
		{8597A033-05D3-4312-BB57-1B66FD40B4AF}.Release|Any CPU.Build.0 = Release|Any CPU
		{E409D7E4-FB8D-4B86-A246-C59D5285300F}.Debug|Any CPU.ActiveCfg = Debug|Any CPU
		{E409D7E4-FB8D-4B86-A246-C59D5285300F}.Debug|Any CPU.Build.0 = Debug|Any CPU
		{E409D7E4-FB8D-4B86-A246-C59D5285300F}.Release|Any CPU.ActiveCfg = Release|Any CPU
		{E409D7E4-FB8D-4B86-A246-C59D5285300F}.Release|Any CPU.Build.0 = Release|Any CPU
		{10836FB9-A56E-4949-844D-27F3A5B8C662}.Debug|Any CPU.ActiveCfg = Debug|Any CPU
		{10836FB9-A56E-4949-844D-27F3A5B8C662}.Debug|Any CPU.Build.0 = Debug|Any CPU
		{10836FB9-A56E-4949-844D-27F3A5B8C662}.Release|Any CPU.ActiveCfg = Release|Any CPU
		{10836FB9-A56E-4949-844D-27F3A5B8C662}.Release|Any CPU.Build.0 = Release|Any CPU
		{F5CF7065-B848-4287-9A30-3F3BB63DDD72}.Debug|Any CPU.ActiveCfg = Debug|Any CPU
		{F5CF7065-B848-4287-9A30-3F3BB63DDD72}.Debug|Any CPU.Build.0 = Debug|Any CPU
		{F5CF7065-B848-4287-9A30-3F3BB63DDD72}.Release|Any CPU.ActiveCfg = Release|Any CPU
		{F5CF7065-B848-4287-9A30-3F3BB63DDD72}.Release|Any CPU.Build.0 = Release|Any CPU
		{BFC5B05E-7715-43C5-8CE4-1387AD665EB7}.Debug|Any CPU.ActiveCfg = Debug|Any CPU
		{BFC5B05E-7715-43C5-8CE4-1387AD665EB7}.Debug|Any CPU.Build.0 = Debug|Any CPU
		{BFC5B05E-7715-43C5-8CE4-1387AD665EB7}.Release|Any CPU.ActiveCfg = Release|Any CPU
		{BFC5B05E-7715-43C5-8CE4-1387AD665EB7}.Release|Any CPU.Build.0 = Release|Any CPU
	EndGlobalSection
	GlobalSection(SolutionProperties) = preSolution
		HideSolutionNode = FALSE
	EndGlobalSection
	GlobalSection(NestedProjects) = preSolution
		{282C07F2-55EF-4718-A60F-B619F206C8AA} = {6C21BD09-2A1B-4BEE-A3C0-7FD33C516B48}
		{8597A033-05D3-4312-BB57-1B66FD40B4AF} = {6C21BD09-2A1B-4BEE-A3C0-7FD33C516B48}
		{E409D7E4-FB8D-4B86-A246-C59D5285300F} = {DA77C5E1-941F-4BE3-A412-569DC47381F2}
		{10836FB9-A56E-4949-844D-27F3A5B8C662} = {228FAABC-06A1-4AE3-85DD-E8CCFF201F78}
		{F5CF7065-B848-4287-9A30-3F3BB63DDD72} = {228FAABC-06A1-4AE3-85DD-E8CCFF201F78}
		{BFC5B05E-7715-43C5-8CE4-1387AD665EB7} = {228FAABC-06A1-4AE3-85DD-E8CCFF201F78}
	EndGlobalSection
	GlobalSection(ExtensibilityGlobals) = postSolution
		SolutionGuid = {A201676A-337D-40D4-A69F-44405E9AFAA2}
	EndGlobalSection
EndGlobal
