
Microsoft Visual Studio Solution File, Format Version 12.00
# Visual Studio Version 16
VisualStudioVersion = 16.0.30011.22
MinimumVisualStudioVersion = 10.0.40219.1
Project("{FAE04EC0-301F-11D3-BF4B-00C04F79EFBC}") = "2.1.1._CUSTOM STRING", "2.1.1._CUSTOM STRING\2.1.1._CUSTOM STRING.csproj", "{F59F11BE-C0C4-425A-976F-138B08FAA047}"
EndProject
Project("{FAE04EC0-301F-11D3-BF4B-00C04F79EFBC}") = "2.1.2. CUSTOM PAINT", "2.1.2. CUSTOM PAINT\2.1.2. CUSTOM PAINT.csproj", "{99CB307B-3ADB-4A22-B379-55FD56A580AD}"
EndProject
Global
	GlobalSection(SolutionConfigurationPlatforms) = preSolution
		Debug|Any CPU = Debug|Any CPU
		Release|Any CPU = Release|Any CPU
	EndGlobalSection
	GlobalSection(ProjectConfigurationPlatforms) = postSolution
		{F59F11BE-C0C4-425A-976F-138B08FAA047}.Debug|Any CPU.ActiveCfg = Debug|Any CPU
		{F59F11BE-C0C4-425A-976F-138B08FAA047}.Debug|Any CPU.Build.0 = Debug|Any CPU
		{F59F11BE-C0C4-425A-976F-138B08FAA047}.Release|Any CPU.ActiveCfg = Release|Any CPU
		{F59F11BE-C0C4-425A-976F-138B08FAA047}.Release|Any CPU.Build.0 = Release|Any CPU
		{99CB307B-3ADB-4A22-B379-55FD56A580AD}.Debug|Any CPU.ActiveCfg = Debug|Any CPU
		{99CB307B-3ADB-4A22-B379-55FD56A580AD}.Debug|Any CPU.Build.0 = Debug|Any CPU
		{99CB307B-3ADB-4A22-B379-55FD56A580AD}.Release|Any CPU.ActiveCfg = Release|Any CPU
		{99CB307B-3ADB-4A22-B379-55FD56A580AD}.Release|Any CPU.Build.0 = Release|Any CPU
	EndGlobalSection
	GlobalSection(SolutionProperties) = preSolution
		HideSolutionNode = FALSE
	EndGlobalSection
	GlobalSection(ExtensibilityGlobals) = postSolution
		SolutionGuid = {28AFEB3A-4CE8-4FDA-AE69-D4571222E64A}
	EndGlobalSection
EndGlobal
